
Microsoft Visual Studio Solution File, Format Version 12.00
# Visual Studio Version 17
VisualStudioVersion = 17.3.32819.101
MinimumVisualStudioVersion = 10.0.40219.1
Project("{FAE04EC0-301F-11D3-BF4B-00C04F79EFBC}") = "WordFrequency", "WordFrequency.csproj", "{BBD35B17-B852-4559-B6DA-6C0B44168D72}"
EndProject
Global
	GlobalSection(SolutionConfigurationPlatforms) = preSolution
		Debug|Any CPU = Debug|Any CPU
		Release|Any CPU = Release|Any CPU
	EndGlobalSection
	GlobalSection(ProjectConfigurationPlatforms) = postSolution
		{BBD35B17-B852-4559-B6DA-6C0B44168D72}.Debug|Any CPU.ActiveCfg = Debug|Any CPU
		{BBD35B17-B852-4559-B6DA-6C0B44168D72}.Debug|Any CPU.Build.0 = Debug|Any CPU
		{BBD35B17-B852-4559-B6DA-6C0B44168D72}.Release|Any CPU.ActiveCfg = Release|Any CPU
		{BBD35B17-B852-4559-B6DA-6C0B44168D72}.Release|Any CPU.Build.0 = Release|Any CPU
	EndGlobalSection
	GlobalSection(SolutionProperties) = preSolution
		HideSolutionNode = FALSE
	EndGlobalSection
	GlobalSection(ExtensibilityGlobals) = postSolution
		SolutionGuid = {CD3A40FF-3B61-4B3B-A9B3-A642B1BF3785}
	EndGlobalSection
EndGlobal
